
Microsoft Visual Studio Solution File, Format Version 12.00
# Visual Studio Version 17
VisualStudioVersion = 17.0.31903.59
MinimumVisualStudioVersion = 10.0.40219.1
Project("{FAE04EC0-301F-11D3-BF4B-00C04F79EFBC}") = "RestaurantSystem.Domain", "RestaurantSystem.Domain\RestaurantSystem.Domain.csproj", "{C2101122-503A-4653-87A3-79A96DAD0EB2}"
EndProject
Project("{FAE04EC0-301F-11D3-BF4B-00C04F79EFBC}") = "RestaurantSystem.App", "RestaurantSystem.App\RestaurantSystem.App.csproj", "{3F830FC7-BF15-431B-8833-573639EBBA5D}"
EndProject
Project("{FAE04EC0-301F-11D3-BF4B-00C04F79EFBC}") = "RestaurantSystem.Tests", "RestaurantSystem.Tests\RestaurantSystem.Tests.csproj", "{02233ACC-2B08-4419-9DA4-9292B950E187}"
EndProject
Global
	GlobalSection(SolutionConfigurationPlatforms) = preSolution
		Debug|Any CPU = Debug|Any CPU
		Debug|x64 = Debug|x64
		Debug|x86 = Debug|x86
		Release|Any CPU = Release|Any CPU
		Release|x64 = Release|x64
		Release|x86 = Release|x86
	EndGlobalSection
	GlobalSection(ProjectConfigurationPlatforms) = postSolution
		{C2101122-503A-4653-87A3-79A96DAD0EB2}.Debug|Any CPU.ActiveCfg = Debug|Any CPU
		{C2101122-503A-4653-87A3-79A96DAD0EB2}.Debug|Any CPU.Build.0 = Debug|Any CPU
		{C2101122-503A-4653-87A3-79A96DAD0EB2}.Debug|x64.ActiveCfg = Debug|Any CPU
		{C2101122-503A-4653-87A3-79A96DAD0EB2}.Debug|x64.Build.0 = Debug|Any CPU
		{C2101122-503A-4653-87A3-79A96DAD0EB2}.Debug|x86.ActiveCfg = Debug|Any CPU
		{C2101122-503A-4653-87A3-79A96DAD0EB2}.Debug|x86.Build.0 = Debug|Any CPU
		{C2101122-503A-4653-87A3-79A96DAD0EB2}.Release|Any CPU.ActiveCfg = Release|Any CPU
		{C2101122-503A-4653-87A3-79A96DAD0EB2}.Release|Any CPU.Build.0 = Release|Any CPU
		{C2101122-503A-4653-87A3-79A96DAD0EB2}.Release|x64.ActiveCfg = Release|Any CPU
		{C2101122-503A-4653-87A3-79A96DAD0EB2}.Release|x64.Build.0 = Release|Any CPU
		{C2101122-503A-4653-87A3-79A96DAD0EB2}.Release|x86.ActiveCfg = Release|Any CPU
		{C2101122-503A-4653-87A3-79A96DAD0EB2}.Release|x86.Build.0 = Release|Any CPU
		{3F830FC7-BF15-431B-8833-573639EBBA5D}.Debug|Any CPU.ActiveCfg = Debug|Any CPU
		{3F830FC7-BF15-431B-8833-573639EBBA5D}.Debug|Any CPU.Build.0 = Debug|Any CPU
		{3F830FC7-BF15-431B-8833-573639EBBA5D}.Debug|x64.ActiveCfg = Debug|Any CPU
		{3F830FC7-BF15-431B-8833-573639EBBA5D}.Debug|x64.Build.0 = Debug|Any CPU
		{3F830FC7-BF15-431B-8833-573639EBBA5D}.Debug|x86.ActiveCfg = Debug|Any CPU
		{3F830FC7-BF15-431B-8833-573639EBBA5D}.Debug|x86.Build.0 = Debug|Any CPU
		{3F830FC7-BF15-431B-8833-573639EBBA5D}.Release|Any CPU.ActiveCfg = Release|Any CPU
		{3F830FC7-BF15-431B-8833-573639EBBA5D}.Release|Any CPU.Build.0 = Release|Any CPU
		{3F830FC7-BF15-431B-8833-573639EBBA5D}.Release|x64.ActiveCfg = Release|Any CPU
		{3F830FC7-BF15-431B-8833-573639EBBA5D}.Release|x64.Build.0 = Release|Any CPU
		{3F830FC7-BF15-431B-8833-573639EBBA5D}.Release|x86.ActiveCfg = Release|Any CPU
		{3F830FC7-BF15-431B-8833-573639EBBA5D}.Release|x86.Build.0 = Release|Any CPU
		{02233ACC-2B08-4419-9DA4-9292B950E187}.Debug|Any CPU.ActiveCfg = Debug|Any CPU
		{02233ACC-2B08-4419-9DA4-9292B950E187}.Debug|Any CPU.Build.0 = Debug|Any CPU
		{02233ACC-2B08-4419-9DA4-9292B950E187}.Debug|x64.ActiveCfg = Debug|Any CPU
		{02233ACC-2B08-4419-9DA4-9292B950E187}.Debug|x64.Build.0 = Debug|Any CPU
		{02233ACC-2B08-4419-9DA4-9292B950E187}.Debug|x86.ActiveCfg = Debug|Any CPU
		{02233ACC-2B08-4419-9DA4-9292B950E187}.Debug|x86.Build.0 = Debug|Any CPU
		{02233ACC-2B08-4419-9DA4-9292B950E187}.Release|Any CPU.ActiveCfg = Release|Any CPU
		{02233ACC-2B08-4419-9DA4-9292B950E187}.Release|Any CPU.Build.0 = Release|Any CPU
		{02233ACC-2B08-4419-9DA4-9292B950E187}.Release|x64.ActiveCfg = Release|Any CPU
		{02233ACC-2B08-4419-9DA4-9292B950E187}.Release|x64.Build.0 = Release|Any CPU
		{02233ACC-2B08-4419-9DA4-9292B950E187}.Release|x86.ActiveCfg = Release|Any CPU
		{02233ACC-2B08-4419-9DA4-9292B950E187}.Release|x86.Build.0 = Release|Any CPU
	EndGlobalSection
	GlobalSection(SolutionProperties) = preSolution
		HideSolutionNode = FALSE
	EndGlobalSection
EndGlobal
